<?xml version="1.0" encoding="utf-8"?>
<Project ToolsVersion="4.0" xmlns="http://schemas.microsoft.com/developer/msbuild/2003">
  <ItemGroup>
    <Filter Include="소스 파일">
      <UniqueIdentifier>{4FC737F1-C7A5-4376-A066-2A32D752A2FF}</UniqueIdentifier>
      <Extensions>cpp;c;cc;cxx;c++;cppm;ixx;def;odl;idl;hpj;bat;asm;asmx</Extensions>
    </Filter>
    <Filter Include="헤더 파일">
      <UniqueIdentifier>{93995380-89BD-4b04-88EB-625FBE52EBFB}</UniqueIdentifier>
      <Extensions>h;hh;hpp;hxx;h++;hm;inl;inc;ipp;xsd</Extensions>
    </Filter>
    <Filter Include="리소스 파일">
      <UniqueIdentifier>{67DA6AB6-F800-4c08-8B7A-83BB121AAD01}</UniqueIdentifier>
      <Extensions>rc;ico;cur;bmp;dlg;rc2;rct;bin;rgs;gif;jpg;jpeg;jpe;resx;tiff;tif;png;wav;mfcribbon-ms</Extensions>
    </Filter>
    <Filter Include="소스 파일\src">
      <UniqueIdentifier>{4692a171-82c5-41e5-bf27-78a27a1fc95d}</UniqueIdentifier>
    </Filter>
    <Filter Include="소스 파일\src\utils">
      <UniqueIdentifier>{991b7dde-f106-4f08-bad9-43da588d6176}</UniqueIdentifier>
    </Filter>
    <Filter Include="소스 파일\src\alert">
      <UniqueIdentifier>{f0e8d948-df5d-4f36-9059-0c86c3139b46}</UniqueIdentifier>
    </Filter>
    <Filter Include="소스 파일\src\rules">
      <UniqueIdentifier>{dc0be632-c450-4ac2-8125-fd6a262b39d5}</UniqueIdentifier>
    </Filter>
    <Filter Include="소스 파일\src\parser">
      <UniqueIdentifier>{8174a073-4220-487f-b413-63f56a7111a7}</UniqueIdentifier>
    </Filter>
    <Filter Include="소스 파일\src\capture">
      <UniqueIdentifier>{8c0ba680-90c4-494c-92b1-847482ffd53b}</UniqueIdentifier>
    </Filter>
  </ItemGroup>
  <ItemGroup>
    <Text Include="CMakeLists.txt" />
    <Text Include="rules.txt" />
  </ItemGroup>
  <ItemGroup>
    <ClCompile Include="src\main.cpp">
      <Filter>소스 파일</Filter>
    </ClCompile>
    <ClCompile Include="src\capture\PcapCapture.cpp">
      <Filter>소스 파일</Filter>
    </ClCompile>
    <ClCompile Include="src\parser\PacketParser.cpp">
      <Filter>소스 파일</Filter>
    </ClCompile>
    <ClCompile Include="src\engine\FragmentReassembly.cpp">
      <Filter>소스 파일</Filter>
    </ClCompile>
    <ClCompile Include="src\engine\TCPReassembly.cpp">
      <Filter>소스 파일</Filter>
    </ClCompile>
    <ClCompile Include="src\engine\TrafficStats.cpp">
      <Filter>소스 파일</Filter>
    </ClCompile>
    <ClCompile Include="src\engine\Detector.cpp">
      <Filter>소스 파일</Filter>
    </ClCompile>
    <ClCompile Include="src\logger\LogManager.cpp">
      <Filter>소스 파일</Filter>
    </ClCompile>
    <ClCompile Include="src\utils\ThreadPool.cpp">
      <Filter>소스 파일</Filter>
    </ClCompile>
  </ItemGroup>
  <ItemGroup>
    <ClInclude Include="src\capture\PcapCapture.h">
      <Filter>헤더 파일</Filter>
    </ClInclude>
    <ClInclude Include="src\parser\PacketParser.h">
      <Filter>헤더 파일</Filter>
    </ClInclude>
    <ClInclude Include="src\engine\FragmentReassembly.h">
      <Filter>헤더 파일</Filter>
    </ClInclude>
    <ClInclude Include="src\engine\TCPReassembly.h">
      <Filter>헤더 파일</Filter>
    </ClInclude>
    <ClInclude Include="src\engine\TrafficStats.h">
      <Filter>헤더 파일</Filter>
    </ClInclude>
    <ClInclude Include="src\engine\Detector.h">
      <Filter>헤더 파일</Filter>
    </ClInclude>
    <ClInclude Include="src\logger\LogManager.h">
      <Filter>헤더 파일</Filter>
    </ClInclude>
    <ClInclude Include="src\utils\ThreadPool.h">
      <Filter>헤더 파일</Filter>
    </ClInclude>
  </ItemGroup>
  <ItemGroup>
    <None Include="fREADME.md" />
    <None Include="rules\example.rules" />
    <None Include="logs\ids_alert.jsonl" />
  </ItemGroup>
</Project>